{
  "name": "bench",
  "version": "1.0.0",
  "lockfileVersion": 2,
  "requires": true,
  "packages": {
    "": {
      "version": "1.0.0",
      "license": "ISC",
      "dependencies": {
        "benchmark": "^2.1.0",
        "circular-json-es6": "^2.0.0",
        "clone": "^1.0.2",
        "deepcopy": "^0.6.3",
        "fast-safe-stringify": "^1.1.13",
        "jsan": "^3.1.2",
        "json-stringify-safe": "^5.0.1"
      },
      "devDependencies": {
        "rfdc": "^1.3.0"
      }
    },
    "node_modules/benchmark": {
      "version": "2.1.4",
      "resolved": "https://registry.npmjs.org/benchmark/-/benchmark-2.1.4.tgz",
      "integrity": "sha1-CfPeMckWQl1JjMLuVloOvzwqVik=",
      "dependencies": {
        "lodash": "^4.17.4",
        "platform": "^1.3.3"
      }
    },
    "node_modules/circular-json-es6": {
      "version": "2.0.2",
      "resolved": "https://registry.npmjs.org/circular-json-es6/-/circular-json-es6-2.0.2.tgz",
      "integrity": "sha512-ODYONMMNb3p658Zv+Pp+/XPa5s6q7afhz3Tzyvo+VRh9WIrJ64J76ZC4GQxnlye/NesTn09jvOiuE8+xxfpwhQ=="
    },
    "node_modules/clone": {
      "version": "1.0.4",
      "resolved": "https://registry.npmjs.org/clone/-/clone-1.0.4.tgz",
      "integrity": "sha1-2jCcwmPfFZlMaIypAheco8fNfH4=",
      "engines": {
        "node": ">=0.8"
      }
    },
    "node_modules/deepcopy": {
      "version": "0.6.3",
      "resolved": "https://registry.npmjs.org/deepcopy/-/deepcopy-0.6.3.tgz",
      "integrity": "sha1-Y0eA8vhlardxr4+oQx7RzO5Vx7A="
    },
    "node_modules/fast-safe-stringify": {
      "version": "1.2.3",
      "resolved": "https://registry.npmjs.org/fast-safe-stringify/-/fast-safe-stringify-1.2.3.tgz",
      "integrity": "sha512-QJYT/i0QYoiZBQ71ivxdyTqkwKkQ0oxACXHYxH2zYHJEgzi2LsbjgvtzTbLi1SZcF190Db2YP7I7eTsU2egOlw=="
    },
    "node_modules/jsan": {
      "version": "3.1.13",
      "resolved": "https://registry.npmjs.org/jsan/-/jsan-3.1.13.tgz",
      "integrity": "sha512-9kGpCsGHifmw6oJet+y8HaCl14y7qgAsxVdV3pCHDySNR3BfDC30zgkssd7x5LRVAT22dnpbe9JdzzmXZnq9/g=="
    },
    "node_modules/json-stringify-safe": {
      "version": "5.0.1",
      "resolved": "https://registry.npmjs.org/json-stringify-safe/-/json-stringify-safe-5.0.1.tgz",
      "integrity": "sha1-Epai1Y/UXxmg9s4B1lcB4sc1tus="
    },
    "node_modules/lodash": {
      "version": "4.17.21",
      "resolved": "https://registry.npmjs.org/lodash/-/lodash-4.17.21.tgz",
      "integrity": "sha512-v2kDEe57lecTulaDIuNTPy3Ry4gLGJ6Z1O3vE1krgXZNrsQ+LFTGHVxVjcXPs17LhbZVGedAJv8XZ1tvj5FvSg=="
    },
    "node_modules/platform": {
      "version": "1.3.6",
      "resolved": "https://registry.npmjs.org/platform/-/platform-1.3.6.tgz",
      "integrity": "sha512-fnWVljUchTro6RiCFvCXBbNhJc2NijN7oIQxbwsyL0buWJPG85v81ehlHI9fXrJsMNgTofEoWIQeClKpgxFLrg=="
    },
    "node_modules/rfdc": {
      "version": "1.3.0",
      "resolved": "https://registry.npmjs.org/rfdc/-/rfdc-1.3.0.tgz",
      "integrity": "sha512-V2hovdzFbOi77/WajaSMXk2OLm+xNIeQdMMuB7icj7bk6zi2F8GGAxigcnDFpJHbNyNcgyJDiP+8nOrY5cZGrA==",
      "dev": true
    }
  },
  "dependencies": {
    "benchmark": {
      "version": "2.1.4",
      "resolved": "https://registry.npmjs.org/benchmark/-/benchmark-2.1.4.tgz",
      "integrity": "sha1-CfPeMckWQl1JjMLuVloOvzwqVik=",
      "requires": {
        "lodash": "^4.17.4",
        "platform": "^1.3.3"
      }
    },
    "circular-json-es6": {
      "version": "2.0.2",
      "resolved": "https://registry.npmjs.org/circular-json-es6/-/circular-json-es6-2.0.2.tgz",
      "integrity": "sha512-ODYONMMNb3p658Zv+Pp+/XPa5s6q7afhz3Tzyvo+VRh9WIrJ64J76ZC4GQxnlye/NesTn09jvOiuE8+xxfpwhQ=="
    },
    "clone": {
      "version": "1.0.4",
      "resolved": "https://registry.npmjs.org/clone/-/clone-1.0.4.tgz",
      "integrity": "sha1-2jCcwmPfFZlMaIypAheco8fNfH4="
    },
    "deepcopy": {
      "version": "0.6.3",
      "resolved": "https://registry.npmjs.org/deepcopy/-/deepcopy-0.6.3.tgz",
      "integrity": "sha1-Y0eA8vhlardxr4+oQx7RzO5Vx7A="
    },
    "fast-safe-stringify": {
      "version": "1.2.3",
      "resolved": "https://registry.npmjs.org/fast-safe-stringify/-/fast-safe-stringify-1.2.3.tgz",
      "integrity": "sha512-QJYT/i0QYoiZBQ71ivxdyTqkwKkQ0oxACXHYxH2zYHJEgzi2LsbjgvtzTbLi1SZcF190Db2YP7I7eTsU2egOlw=="
    },
    "jsan": {
      "version": "3.1.13",
      "resolved": "https://registry.npmjs.org/jsan/-/jsan-3.1.13.tgz",
      "integrity": "sha512-9kGpCsGHifmw6oJet+y8HaCl14y7qgAsxVdV3pCHDySNR3BfDC30zgkssd7x5LRVAT22dnpbe9JdzzmXZnq9/g=="
    },
    "json-stringify-safe": {
      "version": "5.0.1",
      "resolved": "https://registry.npmjs.org/json-stringify-safe/-/json-stringify-safe-5.0.1.tgz",
      "integrity": "sha1-Epai1Y/UXxmg9s4B1lcB4sc1tus="
    },
    "lodash": {
      "version": "4.17.21",
      "resolved": "https://registry.npmjs.org/lodash/-/lodash-4.17.21.tgz",
      "integrity": "sha512-v2kDEe57lecTulaDIuNTPy3Ry4gLGJ6Z1O3vE1krgXZNrsQ+LFTGHVxVjcXPs17LhbZVGedAJv8XZ1tvj5FvSg=="
    },
    "platform": {
      "version": "1.3.6",
      "resolved": "https://registry.npmjs.org/platform/-/platform-1.3.6.tgz",
      "integrity": "sha512-fnWVljUchTro6RiCFvCXBbNhJc2NijN7oIQxbwsyL0buWJPG85v81ehlHI9fXrJsMNgTofEoWIQeClKpgxFLrg=="
    },
    "rfdc": {
      "version": "1.3.0",
      "resolved": "https://registry.npmjs.org/rfdc/-/rfdc-1.3.0.tgz",
      "integrity": "sha512-V2hovdzFbOi77/WajaSMXk2OLm+xNIeQdMMuB7icj7bk6zi2F8GGAxigcnDFpJHbNyNcgyJDiP+8nOrY5cZGrA==",
      "dev": true
    }
  }
}
